
Microsoft Visual Studio Solution File, Format Version 12.00
# Visual Studio 15
VisualStudioVersion = 15.0.27703.2035
MinimumVisualStudioVersion = 10.0.40219.1
Project("{FAE04EC0-301F-11D3-BF4B-00C04F79EFBC}") = "CSharpAbstractDemoConsoleApp", "CSharpAbstractDemoConsoleApp\CSharpAbstractDemoConsoleApp.csproj", "{D39850B2-CCDD-4B31-A807-92D65EF357B9}"
EndProject
Global
	GlobalSection(SolutionConfigurationPlatforms) = preSolution
		Debug|Any CPU = Debug|Any CPU
		Release|Any CPU = Release|Any CPU
	EndGlobalSection
	GlobalSection(ProjectConfigurationPlatforms) = postSolution
		{D39850B2-CCDD-4B31-A807-92D65EF357B9}.Debug|Any CPU.ActiveCfg = Debug|Any CPU
		{D39850B2-CCDD-4B31-A807-92D65EF357B9}.Debug|Any CPU.Build.0 = Debug|Any CPU
		{D39850B2-CCDD-4B31-A807-92D65EF357B9}.Release|Any CPU.ActiveCfg = Release|Any CPU
		{D39850B2-CCDD-4B31-A807-92D65EF357B9}.Release|Any CPU.Build.0 = Release|Any CPU
	EndGlobalSection
	GlobalSection(SolutionProperties) = preSolution
		HideSolutionNode = FALSE
	EndGlobalSection
	GlobalSection(ExtensibilityGlobals) = postSolution
		SolutionGuid = {008C8D40-59D1-439A-884A-A27A28B6C963}
	EndGlobalSection
EndGlobal
